
Microsoft Visual Studio Solution File, Format Version 12.00
# Visual Studio Version 17
VisualStudioVersion = 17.14.36408.4 d17.14
MinimumVisualStudioVersion = 10.0.40219.1
Project("{FAE04EC0-301F-11D3-BF4B-00C04F79EFBC}") = "StorySpoilApiTests", "StorySpoilApiTests\StorySpoilApiTests.csproj", "{89D7C911-4241-4265-A9B3-DC74FCF7DDAB}"
EndProject
Global
	GlobalSection(SolutionConfigurationPlatforms) = preSolution
		Debug|Any CPU = Debug|Any CPU
		Release|Any CPU = Release|Any CPU
	EndGlobalSection
	GlobalSection(ProjectConfigurationPlatforms) = postSolution
		{89D7C911-4241-4265-A9B3-DC74FCF7DDAB}.Debug|Any CPU.ActiveCfg = Debug|Any CPU
		{89D7C911-4241-4265-A9B3-DC74FCF7DDAB}.Debug|Any CPU.Build.0 = Debug|Any CPU
		{89D7C911-4241-4265-A9B3-DC74FCF7DDAB}.Release|Any CPU.ActiveCfg = Release|Any CPU
		{89D7C911-4241-4265-A9B3-DC74FCF7DDAB}.Release|Any CPU.Build.0 = Release|Any CPU
	EndGlobalSection
	GlobalSection(SolutionProperties) = preSolution
		HideSolutionNode = FALSE
	EndGlobalSection
	GlobalSection(ExtensibilityGlobals) = postSolution
		SolutionGuid = {6DD922FD-C1A4-4B37-942C-CC77A41FFAA1}
	EndGlobalSection
EndGlobal
